
Microsoft Visual Studio Solution File, Format Version 12.00
# Visual Studio Version 17
VisualStudioVersion = 17.5.002.0
MinimumVisualStudioVersion = 10.0.40219.1
Project("{9A19103F-16F7-4668-BE54-9A1E7A4F7556}") = "sales_and_Inventory_for_Slow_Items_Shops", "sales_and_Inventory_for_Slow_Items_Shops.csproj", "{773B7FC4-7BD6-48B4-8B77-C44EA095E0FD}"
EndProject
Global
	GlobalSection(SolutionConfigurationPlatforms) = preSolution
		Debug|Any CPU = Debug|Any CPU
		Release|Any CPU = Release|Any CPU
	EndGlobalSection
	GlobalSection(ProjectConfigurationPlatforms) = postSolution
		{773B7FC4-7BD6-48B4-8B77-C44EA095E0FD}.Debug|Any CPU.ActiveCfg = Debug|Any CPU
		{773B7FC4-7BD6-48B4-8B77-C44EA095E0FD}.Debug|Any CPU.Build.0 = Debug|Any CPU
		{773B7FC4-7BD6-48B4-8B77-C44EA095E0FD}.Release|Any CPU.ActiveCfg = Release|Any CPU
		{773B7FC4-7BD6-48B4-8B77-C44EA095E0FD}.Release|Any CPU.Build.0 = Release|Any CPU
	EndGlobalSection
	GlobalSection(SolutionProperties) = preSolution
		HideSolutionNode = FALSE
	EndGlobalSection
	GlobalSection(ExtensibilityGlobals) = postSolution
		SolutionGuid = {0836785F-6AAD-436A-91A6-4AC59E4584D9}
	EndGlobalSection
EndGlobal
